
Microsoft Visual Studio Solution File, Format Version 12.00
# Visual Studio Version 16
VisualStudioVersion = 16.0.30907.101
MinimumVisualStudioVersion = 10.0.40219.1
Project("{FAE04EC0-301F-11D3-BF4B-00C04F79EFBC}") = "windowsFormsFabiNicole", "windowsFormsFabiNicole.csproj", "{3B8C2448-6D61-40A9-8372-D09F0D7F718D}"
EndProject
Global
	GlobalSection(SolutionConfigurationPlatforms) = preSolution
		Debug|Any CPU = Debug|Any CPU
		Release|Any CPU = Release|Any CPU
	EndGlobalSection
	GlobalSection(ProjectConfigurationPlatforms) = postSolution
		{3B8C2448-6D61-40A9-8372-D09F0D7F718D}.Debug|Any CPU.ActiveCfg = Debug|Any CPU
		{3B8C2448-6D61-40A9-8372-D09F0D7F718D}.Debug|Any CPU.Build.0 = Debug|Any CPU
		{3B8C2448-6D61-40A9-8372-D09F0D7F718D}.Release|Any CPU.ActiveCfg = Release|Any CPU
		{3B8C2448-6D61-40A9-8372-D09F0D7F718D}.Release|Any CPU.Build.0 = Release|Any CPU
	EndGlobalSection
	GlobalSection(SolutionProperties) = preSolution
		HideSolutionNode = FALSE
	EndGlobalSection
	GlobalSection(ExtensibilityGlobals) = postSolution
		SolutionGuid = {C75614FA-276E-4455-91AE-AB75EBFC8D94}
	EndGlobalSection
EndGlobal
